
Microsoft Visual Studio Solution File, Format Version 12.00
# Visual Studio Version 16
VisualStudioVersion = 16.0.32602.291
MinimumVisualStudioVersion = 10.0.40219.1
Project("{FAE04EC0-301F-11D3-BF4B-00C04F79EFBC}") = "LojaInterativaProva", "LojaInterativaProva\LojaInterativaProva.csproj", "{933B1775-33EA-4E67-9B4B-8C60687F7F29}"
EndProject
Global
	GlobalSection(SolutionConfigurationPlatforms) = preSolution
		Debug|Any CPU = Debug|Any CPU
		Release|Any CPU = Release|Any CPU
	EndGlobalSection
	GlobalSection(ProjectConfigurationPlatforms) = postSolution
		{933B1775-33EA-4E67-9B4B-8C60687F7F29}.Debug|Any CPU.ActiveCfg = Debug|Any CPU
		{933B1775-33EA-4E67-9B4B-8C60687F7F29}.Debug|Any CPU.Build.0 = Debug|Any CPU
		{933B1775-33EA-4E67-9B4B-8C60687F7F29}.Release|Any CPU.ActiveCfg = Release|Any CPU
		{933B1775-33EA-4E67-9B4B-8C60687F7F29}.Release|Any CPU.Build.0 = Release|Any CPU
	EndGlobalSection
	GlobalSection(SolutionProperties) = preSolution
		HideSolutionNode = FALSE
	EndGlobalSection
	GlobalSection(ExtensibilityGlobals) = postSolution
		SolutionGuid = {EBB4831E-BB0A-44A5-BCA1-8B9FC0950865}
	EndGlobalSection
EndGlobal
